
Microsoft Visual Studio Solution File, Format Version 12.00
# Visual Studio 2013
VisualStudioVersion = 12.0.21005.1
MinimumVisualStudioVersion = 10.0.40219.1
Project("{FAE04EC0-301F-11D3-BF4B-00C04F79EFBC}") = "program 1", "program 1\program 1.csproj", "{6F60C6E7-C722-4FAF-9CF1-0E6A49BE24B4}"
EndProject
Project("{FAE04EC0-301F-11D3-BF4B-00C04F79EFBC}") = "program2", "program2\program2.csproj", "{8430AF71-3977-4303-BC22-A74AE991A8E2}"
EndProject
Project("{FAE04EC0-301F-11D3-BF4B-00C04F79EFBC}") = "program3", "program3\program3.csproj", "{CFA2BAF2-89B5-4EA6-A4D4-6E12A57CFC97}"
EndProject
Project("{FAE04EC0-301F-11D3-BF4B-00C04F79EFBC}") = "program4", "program4\program4.csproj", "{8C2B73F3-EF82-42B6-8A3C-72E0C3EFE479}"
EndProject
Project("{FAE04EC0-301F-11D3-BF4B-00C04F79EFBC}") = "program5", "program5\program5.csproj", "{6F9A1E34-DEF9-4640-98EE-FE6F822EDB73}"
EndProject
Global
	GlobalSection(SolutionConfigurationPlatforms) = preSolution
		Debug|Any CPU = Debug|Any CPU
		Release|Any CPU = Release|Any CPU
	EndGlobalSection
	GlobalSection(ProjectConfigurationPlatforms) = postSolution
		{6F60C6E7-C722-4FAF-9CF1-0E6A49BE24B4}.Debug|Any CPU.ActiveCfg = Debug|Any CPU
		{6F60C6E7-C722-4FAF-9CF1-0E6A49BE24B4}.Debug|Any CPU.Build.0 = Debug|Any CPU
		{6F60C6E7-C722-4FAF-9CF1-0E6A49BE24B4}.Release|Any CPU.ActiveCfg = Release|Any CPU
		{6F60C6E7-C722-4FAF-9CF1-0E6A49BE24B4}.Release|Any CPU.Build.0 = Release|Any CPU
		{8430AF71-3977-4303-BC22-A74AE991A8E2}.Debug|Any CPU.ActiveCfg = Debug|Any CPU
		{8430AF71-3977-4303-BC22-A74AE991A8E2}.Debug|Any CPU.Build.0 = Debug|Any CPU
		{8430AF71-3977-4303-BC22-A74AE991A8E2}.Release|Any CPU.ActiveCfg = Release|Any CPU
		{8430AF71-3977-4303-BC22-A74AE991A8E2}.Release|Any CPU.Build.0 = Release|Any CPU
		{CFA2BAF2-89B5-4EA6-A4D4-6E12A57CFC97}.Debug|Any CPU.ActiveCfg = Debug|Any CPU
		{CFA2BAF2-89B5-4EA6-A4D4-6E12A57CFC97}.Debug|Any CPU.Build.0 = Debug|Any CPU
		{CFA2BAF2-89B5-4EA6-A4D4-6E12A57CFC97}.Release|Any CPU.ActiveCfg = Release|Any CPU
		{CFA2BAF2-89B5-4EA6-A4D4-6E12A57CFC97}.Release|Any CPU.Build.0 = Release|Any CPU
		{8C2B73F3-EF82-42B6-8A3C-72E0C3EFE479}.Debug|Any CPU.ActiveCfg = Debug|Any CPU
		{8C2B73F3-EF82-42B6-8A3C-72E0C3EFE479}.Debug|Any CPU.Build.0 = Debug|Any CPU
		{8C2B73F3-EF82-42B6-8A3C-72E0C3EFE479}.Release|Any CPU.ActiveCfg = Release|Any CPU
		{8C2B73F3-EF82-42B6-8A3C-72E0C3EFE479}.Release|Any CPU.Build.0 = Release|Any CPU
		{6F9A1E34-DEF9-4640-98EE-FE6F822EDB73}.Debug|Any CPU.ActiveCfg = Debug|Any CPU
		{6F9A1E34-DEF9-4640-98EE-FE6F822EDB73}.Debug|Any CPU.Build.0 = Debug|Any CPU
		{6F9A1E34-DEF9-4640-98EE-FE6F822EDB73}.Release|Any CPU.ActiveCfg = Release|Any CPU
		{6F9A1E34-DEF9-4640-98EE-FE6F822EDB73}.Release|Any CPU.Build.0 = Release|Any CPU
	EndGlobalSection
	GlobalSection(SolutionProperties) = preSolution
		HideSolutionNode = FALSE
	EndGlobalSection
EndGlobal
