
Microsoft Visual Studio Solution File, Format Version 12.00
# Visual Studio 2013
VisualStudioVersion = 12.0.21005.1
MinimumVisualStudioVersion = 10.0.40219.1
Project("{FAE04EC0-301F-11D3-BF4B-00C04F79EFBC}") = "array list in asp.net", "array list in asp.net\array list in asp.net.csproj", "{70C513A4-C9E6-475A-8B88-9D8C0AEF6A5E}"
EndProject
Project("{FAE04EC0-301F-11D3-BF4B-00C04F79EFBC}") = "Hash table demo", "Hash table demo\Hash table demo.csproj", "{6A0DBF03-FBD7-4616-8786-7622B58053ED}"
EndProject
Project("{FAE04EC0-301F-11D3-BF4B-00C04F79EFBC}") = "Stack demo", "WebApplication1\Stack demo.csproj", "{5EB7888E-92F1-4844-B1CC-719A13B3BD70}"
EndProject
Project("{FAE04EC0-301F-11D3-BF4B-00C04F79EFBC}") = "Queue demo", "Queue demo\Queue demo.csproj", "{203DDB0D-8BD4-4BAC-A941-F45203EDCF8F}"
EndProject
Project("{FAE04EC0-301F-11D3-BF4B-00C04F79EFBC}") = "Array demo", "Array demo\Array demo.csproj", "{FB83FD40-E3AA-47F3-9B9B-8A283B14CA8A}"
EndProject
Project("{FAE04EC0-301F-11D3-BF4B-00C04F79EFBC}") = "list demo", "list demo\list demo.csproj", "{5690E29C-5884-4754-930D-1FD9B17565A5}"
EndProject
Global
	GlobalSection(SolutionConfigurationPlatforms) = preSolution
		Debug|Any CPU = Debug|Any CPU
		Release|Any CPU = Release|Any CPU
	EndGlobalSection
	GlobalSection(ProjectConfigurationPlatforms) = postSolution
		{70C513A4-C9E6-475A-8B88-9D8C0AEF6A5E}.Debug|Any CPU.ActiveCfg = Debug|Any CPU
		{70C513A4-C9E6-475A-8B88-9D8C0AEF6A5E}.Debug|Any CPU.Build.0 = Debug|Any CPU
		{70C513A4-C9E6-475A-8B88-9D8C0AEF6A5E}.Release|Any CPU.ActiveCfg = Release|Any CPU
		{70C513A4-C9E6-475A-8B88-9D8C0AEF6A5E}.Release|Any CPU.Build.0 = Release|Any CPU
		{6A0DBF03-FBD7-4616-8786-7622B58053ED}.Debug|Any CPU.ActiveCfg = Debug|Any CPU
		{6A0DBF03-FBD7-4616-8786-7622B58053ED}.Debug|Any CPU.Build.0 = Debug|Any CPU
		{6A0DBF03-FBD7-4616-8786-7622B58053ED}.Release|Any CPU.ActiveCfg = Release|Any CPU
		{6A0DBF03-FBD7-4616-8786-7622B58053ED}.Release|Any CPU.Build.0 = Release|Any CPU
		{5EB7888E-92F1-4844-B1CC-719A13B3BD70}.Debug|Any CPU.ActiveCfg = Debug|Any CPU
		{5EB7888E-92F1-4844-B1CC-719A13B3BD70}.Debug|Any CPU.Build.0 = Debug|Any CPU
		{5EB7888E-92F1-4844-B1CC-719A13B3BD70}.Release|Any CPU.ActiveCfg = Release|Any CPU
		{5EB7888E-92F1-4844-B1CC-719A13B3BD70}.Release|Any CPU.Build.0 = Release|Any CPU
		{203DDB0D-8BD4-4BAC-A941-F45203EDCF8F}.Debug|Any CPU.ActiveCfg = Debug|Any CPU
		{203DDB0D-8BD4-4BAC-A941-F45203EDCF8F}.Debug|Any CPU.Build.0 = Debug|Any CPU
		{203DDB0D-8BD4-4BAC-A941-F45203EDCF8F}.Release|Any CPU.ActiveCfg = Release|Any CPU
		{203DDB0D-8BD4-4BAC-A941-F45203EDCF8F}.Release|Any CPU.Build.0 = Release|Any CPU
		{FB83FD40-E3AA-47F3-9B9B-8A283B14CA8A}.Debug|Any CPU.ActiveCfg = Debug|Any CPU
		{FB83FD40-E3AA-47F3-9B9B-8A283B14CA8A}.Debug|Any CPU.Build.0 = Debug|Any CPU
		{FB83FD40-E3AA-47F3-9B9B-8A283B14CA8A}.Release|Any CPU.ActiveCfg = Release|Any CPU
		{FB83FD40-E3AA-47F3-9B9B-8A283B14CA8A}.Release|Any CPU.Build.0 = Release|Any CPU
		{5690E29C-5884-4754-930D-1FD9B17565A5}.Debug|Any CPU.ActiveCfg = Debug|Any CPU
		{5690E29C-5884-4754-930D-1FD9B17565A5}.Debug|Any CPU.Build.0 = Debug|Any CPU
		{5690E29C-5884-4754-930D-1FD9B17565A5}.Release|Any CPU.ActiveCfg = Release|Any CPU
		{5690E29C-5884-4754-930D-1FD9B17565A5}.Release|Any CPU.Build.0 = Release|Any CPU
	EndGlobalSection
	GlobalSection(SolutionProperties) = preSolution
		HideSolutionNode = FALSE
	EndGlobalSection
EndGlobal
