
Microsoft Visual Studio Solution File, Format Version 12.00
# Visual Studio 2013
VisualStudioVersion = 12.0.21005.1
MinimumVisualStudioVersion = 10.0.40219.1
Project("{FAE04EC0-301F-11D3-BF4B-00C04F79EFBC}") = "gridview ex 1 with connection disconnected Architecture", "gridview ex 1 with connection oriented Architecture\gridview ex 1 with connection disconnected Architecture.csproj", "{4FC3B716-06C2-4458-A0E3-C32C1F8AB27D}"
EndProject
Project("{FAE04EC0-301F-11D3-BF4B-00C04F79EFBC}") = "gridview with connection oriented architecture", "gridview with connection oriented architecture\gridview with connection oriented architecture.csproj", "{046F6928-A0A0-4778-AF85-B3BB9374EA20}"
EndProject
Global
	GlobalSection(SolutionConfigurationPlatforms) = preSolution
		Debug|Any CPU = Debug|Any CPU
		Release|Any CPU = Release|Any CPU
	EndGlobalSection
	GlobalSection(ProjectConfigurationPlatforms) = postSolution
		{4FC3B716-06C2-4458-A0E3-C32C1F8AB27D}.Debug|Any CPU.ActiveCfg = Debug|Any CPU
		{4FC3B716-06C2-4458-A0E3-C32C1F8AB27D}.Debug|Any CPU.Build.0 = Debug|Any CPU
		{4FC3B716-06C2-4458-A0E3-C32C1F8AB27D}.Release|Any CPU.ActiveCfg = Release|Any CPU
		{4FC3B716-06C2-4458-A0E3-C32C1F8AB27D}.Release|Any CPU.Build.0 = Release|Any CPU
		{046F6928-A0A0-4778-AF85-B3BB9374EA20}.Debug|Any CPU.ActiveCfg = Debug|Any CPU
		{046F6928-A0A0-4778-AF85-B3BB9374EA20}.Debug|Any CPU.Build.0 = Debug|Any CPU
		{046F6928-A0A0-4778-AF85-B3BB9374EA20}.Release|Any CPU.ActiveCfg = Release|Any CPU
		{046F6928-A0A0-4778-AF85-B3BB9374EA20}.Release|Any CPU.Build.0 = Release|Any CPU
	EndGlobalSection
	GlobalSection(SolutionProperties) = preSolution
		HideSolutionNode = FALSE
	EndGlobalSection
EndGlobal
