
Microsoft Visual Studio Solution File, Format Version 12.00
# Visual Studio 2013
VisualStudioVersion = 12.0.21005.1
MinimumVisualStudioVersion = 10.0.40219.1
Project("{FAE04EC0-301F-11D3-BF4B-00C04F79EFBC}") = "employee Registration using store procedures", "employee Registration using store procedures\employee Registration using store procedures.csproj", "{BC841A6F-BF59-49BA-A668-A58CA35D1440}"
EndProject
Global
	GlobalSection(SolutionConfigurationPlatforms) = preSolution
		Debug|Any CPU = Debug|Any CPU
		Release|Any CPU = Release|Any CPU
	EndGlobalSection
	GlobalSection(ProjectConfigurationPlatforms) = postSolution
		{BC841A6F-BF59-49BA-A668-A58CA35D1440}.Debug|Any CPU.ActiveCfg = Debug|Any CPU
		{BC841A6F-BF59-49BA-A668-A58CA35D1440}.Debug|Any CPU.Build.0 = Debug|Any CPU
		{BC841A6F-BF59-49BA-A668-A58CA35D1440}.Release|Any CPU.ActiveCfg = Release|Any CPU
		{BC841A6F-BF59-49BA-A668-A58CA35D1440}.Release|Any CPU.Build.0 = Release|Any CPU
	EndGlobalSection
	GlobalSection(SolutionProperties) = preSolution
		HideSolutionNode = FALSE
	EndGlobalSection
EndGlobal
