
Microsoft Visual Studio Solution File, Format Version 12.00
# Visual Studio 2013
VisualStudioVersion = 12.0.21005.1
MinimumVisualStudioVersion = 10.0.40219.1
Project("{FAE04EC0-301F-11D3-BF4B-00C04F79EFBC}") = "DataAccessLayer", "DataAccessLayer\DataAccessLayer.csproj", "{CE0FB75E-EC69-4DB5-897F-AAD25454E8BD}"
EndProject
Project("{FAE04EC0-301F-11D3-BF4B-00C04F79EFBC}") = "dot net community project", "dot net community project\dot net community project.csproj", "{12329244-85DE-4ECA-8585-D40A0B0A75FB}"
EndProject
Global
	GlobalSection(SolutionConfigurationPlatforms) = preSolution
		Debug|Any CPU = Debug|Any CPU
		Release|Any CPU = Release|Any CPU
	EndGlobalSection
	GlobalSection(ProjectConfigurationPlatforms) = postSolution
		{CE0FB75E-EC69-4DB5-897F-AAD25454E8BD}.Debug|Any CPU.ActiveCfg = Debug|Any CPU
		{CE0FB75E-EC69-4DB5-897F-AAD25454E8BD}.Debug|Any CPU.Build.0 = Debug|Any CPU
		{CE0FB75E-EC69-4DB5-897F-AAD25454E8BD}.Release|Any CPU.ActiveCfg = Release|Any CPU
		{CE0FB75E-EC69-4DB5-897F-AAD25454E8BD}.Release|Any CPU.Build.0 = Release|Any CPU
		{12329244-85DE-4ECA-8585-D40A0B0A75FB}.Debug|Any CPU.ActiveCfg = Debug|Any CPU
		{12329244-85DE-4ECA-8585-D40A0B0A75FB}.Debug|Any CPU.Build.0 = Debug|Any CPU
		{12329244-85DE-4ECA-8585-D40A0B0A75FB}.Release|Any CPU.ActiveCfg = Release|Any CPU
		{12329244-85DE-4ECA-8585-D40A0B0A75FB}.Release|Any CPU.Build.0 = Release|Any CPU
	EndGlobalSection
	GlobalSection(SolutionProperties) = preSolution
		HideSolutionNode = FALSE
	EndGlobalSection
EndGlobal
