
Microsoft Visual Studio Solution File, Format Version 12.00
# Visual Studio 2013
VisualStudioVersion = 12.0.21005.1
MinimumVisualStudioVersion = 10.0.40219.1
Project("{FAE04EC0-301F-11D3-BF4B-00C04F79EFBC}") = "2 tier architecture", "2 tier architecture\2 tier architecture.csproj", "{AF981166-538B-4F85-B5C3-A24E5F32C231}"
EndProject
Project("{FAE04EC0-301F-11D3-BF4B-00C04F79EFBC}") = "DataAccessLayer", "DataAccessLayer\DataAccessLayer.csproj", "{818B2013-4877-458A-B2B4-03DC0485E310}"
EndProject
Project("{FAE04EC0-301F-11D3-BF4B-00C04F79EFBC}") = "ClassLibrary1", "ClassLibrary1\ClassLibrary1.csproj", "{AC28A849-D7AC-419B-8CDD-137DCB64313A}"
EndProject
Global
	GlobalSection(SolutionConfigurationPlatforms) = preSolution
		Debug|Any CPU = Debug|Any CPU
		Release|Any CPU = Release|Any CPU
	EndGlobalSection
	GlobalSection(ProjectConfigurationPlatforms) = postSolution
		{AF981166-538B-4F85-B5C3-A24E5F32C231}.Debug|Any CPU.ActiveCfg = Debug|Any CPU
		{AF981166-538B-4F85-B5C3-A24E5F32C231}.Debug|Any CPU.Build.0 = Debug|Any CPU
		{AF981166-538B-4F85-B5C3-A24E5F32C231}.Release|Any CPU.ActiveCfg = Release|Any CPU
		{AF981166-538B-4F85-B5C3-A24E5F32C231}.Release|Any CPU.Build.0 = Release|Any CPU
		{818B2013-4877-458A-B2B4-03DC0485E310}.Debug|Any CPU.ActiveCfg = Debug|Any CPU
		{818B2013-4877-458A-B2B4-03DC0485E310}.Debug|Any CPU.Build.0 = Debug|Any CPU
		{818B2013-4877-458A-B2B4-03DC0485E310}.Release|Any CPU.ActiveCfg = Release|Any CPU
		{818B2013-4877-458A-B2B4-03DC0485E310}.Release|Any CPU.Build.0 = Release|Any CPU
		{AC28A849-D7AC-419B-8CDD-137DCB64313A}.Debug|Any CPU.ActiveCfg = Debug|Any CPU
		{AC28A849-D7AC-419B-8CDD-137DCB64313A}.Debug|Any CPU.Build.0 = Debug|Any CPU
		{AC28A849-D7AC-419B-8CDD-137DCB64313A}.Release|Any CPU.ActiveCfg = Release|Any CPU
		{AC28A849-D7AC-419B-8CDD-137DCB64313A}.Release|Any CPU.Build.0 = Release|Any CPU
	EndGlobalSection
	GlobalSection(SolutionProperties) = preSolution
		HideSolutionNode = FALSE
	EndGlobalSection
EndGlobal
