
Microsoft Visual Studio Solution File, Format Version 12.00
# Visual Studio 2013
VisualStudioVersion = 12.0.21005.1
MinimumVisualStudioVersion = 10.0.40219.1
Project("{FAE04EC0-301F-11D3-BF4B-00C04F79EFBC}") = "multiplication table", "multiplication table\multiplication table.csproj", "{1171A7A9-DE9A-43C6-B805-D79DA04EBDED}"
EndProject
Project("{FAE04EC0-301F-11D3-BF4B-00C04F79EFBC}") = "reverse of string", "reverse of string\reverse of string.csproj", "{9DE9F4DD-A0D7-40CC-9EBA-280E048E2939}"
EndProject
Global
	GlobalSection(SolutionConfigurationPlatforms) = preSolution
		Debug|Any CPU = Debug|Any CPU
		Release|Any CPU = Release|Any CPU
	EndGlobalSection
	GlobalSection(ProjectConfigurationPlatforms) = postSolution
		{1171A7A9-DE9A-43C6-B805-D79DA04EBDED}.Debug|Any CPU.ActiveCfg = Debug|Any CPU
		{1171A7A9-DE9A-43C6-B805-D79DA04EBDED}.Debug|Any CPU.Build.0 = Debug|Any CPU
		{1171A7A9-DE9A-43C6-B805-D79DA04EBDED}.Release|Any CPU.ActiveCfg = Release|Any CPU
		{1171A7A9-DE9A-43C6-B805-D79DA04EBDED}.Release|Any CPU.Build.0 = Release|Any CPU
		{9DE9F4DD-A0D7-40CC-9EBA-280E048E2939}.Debug|Any CPU.ActiveCfg = Debug|Any CPU
		{9DE9F4DD-A0D7-40CC-9EBA-280E048E2939}.Debug|Any CPU.Build.0 = Debug|Any CPU
		{9DE9F4DD-A0D7-40CC-9EBA-280E048E2939}.Release|Any CPU.ActiveCfg = Release|Any CPU
		{9DE9F4DD-A0D7-40CC-9EBA-280E048E2939}.Release|Any CPU.Build.0 = Release|Any CPU
	EndGlobalSection
	GlobalSection(SolutionProperties) = preSolution
		HideSolutionNode = FALSE
	EndGlobalSection
EndGlobal
