
Microsoft Visual Studio Solution File, Format Version 12.00
# Visual Studio 2013
VisualStudioVersion = 12.0.21005.1
MinimumVisualStudioVersion = 10.0.40219.1
Project("{FAE04EC0-301F-11D3-BF4B-00C04F79EFBC}") = "Casting demo", "Casting demo\Casting demo.csproj", "{566ACB16-BA00-47C0-AA84-FD6457B32C49}"
EndProject
Project("{FAE04EC0-301F-11D3-BF4B-00C04F79EFBC}") = "ToyFactory", "ToyFactory\ToyFactory.csproj", "{FDB95463-5894-4402-A553-D2C89522FF43}"
EndProject
Global
	GlobalSection(SolutionConfigurationPlatforms) = preSolution
		Debug|Any CPU = Debug|Any CPU
		Release|Any CPU = Release|Any CPU
	EndGlobalSection
	GlobalSection(ProjectConfigurationPlatforms) = postSolution
		{566ACB16-BA00-47C0-AA84-FD6457B32C49}.Debug|Any CPU.ActiveCfg = Debug|Any CPU
		{566ACB16-BA00-47C0-AA84-FD6457B32C49}.Debug|Any CPU.Build.0 = Debug|Any CPU
		{566ACB16-BA00-47C0-AA84-FD6457B32C49}.Release|Any CPU.ActiveCfg = Release|Any CPU
		{566ACB16-BA00-47C0-AA84-FD6457B32C49}.Release|Any CPU.Build.0 = Release|Any CPU
		{FDB95463-5894-4402-A553-D2C89522FF43}.Debug|Any CPU.ActiveCfg = Debug|Any CPU
		{FDB95463-5894-4402-A553-D2C89522FF43}.Debug|Any CPU.Build.0 = Debug|Any CPU
		{FDB95463-5894-4402-A553-D2C89522FF43}.Release|Any CPU.ActiveCfg = Release|Any CPU
		{FDB95463-5894-4402-A553-D2C89522FF43}.Release|Any CPU.Build.0 = Release|Any CPU
	EndGlobalSection
	GlobalSection(SolutionProperties) = preSolution
		HideSolutionNode = FALSE
	EndGlobalSection
EndGlobal
