
Microsoft Visual Studio Solution File, Format Version 12.00
# Visual Studio 2013
VisualStudioVersion = 12.0.21005.1
MinimumVisualStudioVersion = 10.0.40219.1
Project("{FAE04EC0-301F-11D3-BF4B-00C04F79EFBC}") = "Student Marks in using 3 tier architecture", "WebApplication5\Student Marks in using 3 tier architecture.csproj", "{76DFD89B-FC59-467F-B141-8C483BA56097}"
EndProject
Project("{FAE04EC0-301F-11D3-BF4B-00C04F79EFBC}") = "DataAccessLayer", "DataAccessLayer\DataAccessLayer.csproj", "{869CD62A-E060-4670-96FD-FC3BB20DE7A6}"
EndProject
Project("{FAE04EC0-301F-11D3-BF4B-00C04F79EFBC}") = "BusinessLogicLayer", "BusinessLogicLayer\BusinessLogicLayer.csproj", "{D712FFC5-B08F-4D9C-9F67-AD62E58CC67C}"
EndProject
Global
	GlobalSection(SolutionConfigurationPlatforms) = preSolution
		Debug|Any CPU = Debug|Any CPU
		Release|Any CPU = Release|Any CPU
	EndGlobalSection
	GlobalSection(ProjectConfigurationPlatforms) = postSolution
		{76DFD89B-FC59-467F-B141-8C483BA56097}.Debug|Any CPU.ActiveCfg = Debug|Any CPU
		{76DFD89B-FC59-467F-B141-8C483BA56097}.Debug|Any CPU.Build.0 = Debug|Any CPU
		{76DFD89B-FC59-467F-B141-8C483BA56097}.Release|Any CPU.ActiveCfg = Release|Any CPU
		{76DFD89B-FC59-467F-B141-8C483BA56097}.Release|Any CPU.Build.0 = Release|Any CPU
		{869CD62A-E060-4670-96FD-FC3BB20DE7A6}.Debug|Any CPU.ActiveCfg = Debug|Any CPU
		{869CD62A-E060-4670-96FD-FC3BB20DE7A6}.Debug|Any CPU.Build.0 = Debug|Any CPU
		{869CD62A-E060-4670-96FD-FC3BB20DE7A6}.Release|Any CPU.ActiveCfg = Release|Any CPU
		{869CD62A-E060-4670-96FD-FC3BB20DE7A6}.Release|Any CPU.Build.0 = Release|Any CPU
		{D712FFC5-B08F-4D9C-9F67-AD62E58CC67C}.Debug|Any CPU.ActiveCfg = Debug|Any CPU
		{D712FFC5-B08F-4D9C-9F67-AD62E58CC67C}.Debug|Any CPU.Build.0 = Debug|Any CPU
		{D712FFC5-B08F-4D9C-9F67-AD62E58CC67C}.Release|Any CPU.ActiveCfg = Release|Any CPU
		{D712FFC5-B08F-4D9C-9F67-AD62E58CC67C}.Release|Any CPU.Build.0 = Release|Any CPU
	EndGlobalSection
	GlobalSection(SolutionProperties) = preSolution
		HideSolutionNode = FALSE
	EndGlobalSection
EndGlobal
