
Microsoft Visual Studio Solution File, Format Version 12.00
# Visual Studio 2013
VisualStudioVersion = 12.0.21005.1
MinimumVisualStudioVersion = 10.0.40219.1
Project("{FAE04EC0-301F-11D3-BF4B-00C04F79EFBC}") = "Calculator", "Calculator\Calculator.csproj", "{D7C69190-4301-4B1D-B9EB-F1F774CB4043}"
EndProject
Project("{FAE04EC0-301F-11D3-BF4B-00C04F79EFBC}") = "gridview Reader", "gridview Reader\gridview Reader.csproj", "{86875408-3E1C-4777-9277-F1C16CBEAE74}"
EndProject
Project("{FAE04EC0-301F-11D3-BF4B-00C04F79EFBC}") = "mobile form", "mobile form\mobile form.csproj", "{748BD137-E393-498E-89BF-0BF8E745D955}"
EndProject
Global
	GlobalSection(SolutionConfigurationPlatforms) = preSolution
		Debug|Any CPU = Debug|Any CPU
		Release|Any CPU = Release|Any CPU
	EndGlobalSection
	GlobalSection(ProjectConfigurationPlatforms) = postSolution
		{D7C69190-4301-4B1D-B9EB-F1F774CB4043}.Debug|Any CPU.ActiveCfg = Debug|Any CPU
		{D7C69190-4301-4B1D-B9EB-F1F774CB4043}.Debug|Any CPU.Build.0 = Debug|Any CPU
		{D7C69190-4301-4B1D-B9EB-F1F774CB4043}.Release|Any CPU.ActiveCfg = Release|Any CPU
		{D7C69190-4301-4B1D-B9EB-F1F774CB4043}.Release|Any CPU.Build.0 = Release|Any CPU
		{86875408-3E1C-4777-9277-F1C16CBEAE74}.Debug|Any CPU.ActiveCfg = Debug|Any CPU
		{86875408-3E1C-4777-9277-F1C16CBEAE74}.Debug|Any CPU.Build.0 = Debug|Any CPU
		{86875408-3E1C-4777-9277-F1C16CBEAE74}.Release|Any CPU.ActiveCfg = Release|Any CPU
		{86875408-3E1C-4777-9277-F1C16CBEAE74}.Release|Any CPU.Build.0 = Release|Any CPU
		{748BD137-E393-498E-89BF-0BF8E745D955}.Debug|Any CPU.ActiveCfg = Debug|Any CPU
		{748BD137-E393-498E-89BF-0BF8E745D955}.Debug|Any CPU.Build.0 = Debug|Any CPU
		{748BD137-E393-498E-89BF-0BF8E745D955}.Release|Any CPU.ActiveCfg = Release|Any CPU
		{748BD137-E393-498E-89BF-0BF8E745D955}.Release|Any CPU.Build.0 = Release|Any CPU
	EndGlobalSection
	GlobalSection(SolutionProperties) = preSolution
		HideSolutionNode = FALSE
	EndGlobalSection
EndGlobal
