
Microsoft Visual Studio Solution File, Format Version 12.00
# Visual Studio 2013
VisualStudioVersion = 12.0.21005.1
MinimumVisualStudioVersion = 10.0.40219.1
Project("{FAE04EC0-301F-11D3-BF4B-00C04F79EFBC}") = "save images into folder and images path in database", "save images into folder and images path in database\save images into folder and images path in database.csproj", "{CCB26EE1-A1DE-466F-A7B5-8C8F474D4FCD}"
EndProject
Global
	GlobalSection(SolutionConfigurationPlatforms) = preSolution
		Debug|Any CPU = Debug|Any CPU
		Release|Any CPU = Release|Any CPU
	EndGlobalSection
	GlobalSection(ProjectConfigurationPlatforms) = postSolution
		{CCB26EE1-A1DE-466F-A7B5-8C8F474D4FCD}.Debug|Any CPU.ActiveCfg = Debug|Any CPU
		{CCB26EE1-A1DE-466F-A7B5-8C8F474D4FCD}.Debug|Any CPU.Build.0 = Debug|Any CPU
		{CCB26EE1-A1DE-466F-A7B5-8C8F474D4FCD}.Release|Any CPU.ActiveCfg = Release|Any CPU
		{CCB26EE1-A1DE-466F-A7B5-8C8F474D4FCD}.Release|Any CPU.Build.0 = Release|Any CPU
	EndGlobalSection
	GlobalSection(SolutionProperties) = preSolution
		HideSolutionNode = FALSE
	EndGlobalSection
EndGlobal
