
Microsoft Visual Studio Solution File, Format Version 12.00
# Visual Studio 2013
VisualStudioVersion = 12.0.21005.1
MinimumVisualStudioVersion = 10.0.40219.1
Project("{FAE04EC0-301F-11D3-BF4B-00C04F79EFBC}") = "Masterpage example demo", "Masterpage example demo\Masterpage example demo.csproj", "{07DC4EEF-1AED-4CFE-BD6A-217DBE85E107}"
EndProject
Project("{FAE04EC0-301F-11D3-BF4B-00C04F79EFBC}") = "Quality THought Student managment system", "Quality THought Student managment system\Quality THought Student managment system.csproj", "{6C09587D-52A9-4978-AC68-32C6AE3C62A2}"
EndProject
Project("{FAE04EC0-301F-11D3-BF4B-00C04F79EFBC}") = "quality3", "quality3\quality3.csproj", "{983C3EA5-24F9-4361-B409-66FDE064F3A2}"
EndProject
Global
	GlobalSection(SolutionConfigurationPlatforms) = preSolution
		Debug|Any CPU = Debug|Any CPU
		Release|Any CPU = Release|Any CPU
	EndGlobalSection
	GlobalSection(ProjectConfigurationPlatforms) = postSolution
		{07DC4EEF-1AED-4CFE-BD6A-217DBE85E107}.Debug|Any CPU.ActiveCfg = Debug|Any CPU
		{07DC4EEF-1AED-4CFE-BD6A-217DBE85E107}.Debug|Any CPU.Build.0 = Debug|Any CPU
		{07DC4EEF-1AED-4CFE-BD6A-217DBE85E107}.Release|Any CPU.ActiveCfg = Release|Any CPU
		{07DC4EEF-1AED-4CFE-BD6A-217DBE85E107}.Release|Any CPU.Build.0 = Release|Any CPU
		{6C09587D-52A9-4978-AC68-32C6AE3C62A2}.Debug|Any CPU.ActiveCfg = Debug|Any CPU
		{6C09587D-52A9-4978-AC68-32C6AE3C62A2}.Debug|Any CPU.Build.0 = Debug|Any CPU
		{6C09587D-52A9-4978-AC68-32C6AE3C62A2}.Release|Any CPU.ActiveCfg = Release|Any CPU
		{6C09587D-52A9-4978-AC68-32C6AE3C62A2}.Release|Any CPU.Build.0 = Release|Any CPU
		{983C3EA5-24F9-4361-B409-66FDE064F3A2}.Debug|Any CPU.ActiveCfg = Debug|Any CPU
		{983C3EA5-24F9-4361-B409-66FDE064F3A2}.Debug|Any CPU.Build.0 = Debug|Any CPU
		{983C3EA5-24F9-4361-B409-66FDE064F3A2}.Release|Any CPU.ActiveCfg = Release|Any CPU
		{983C3EA5-24F9-4361-B409-66FDE064F3A2}.Release|Any CPU.Build.0 = Release|Any CPU
	EndGlobalSection
	GlobalSection(SolutionProperties) = preSolution
		HideSolutionNode = FALSE
	EndGlobalSection
EndGlobal
