
Microsoft Visual Studio Solution File, Format Version 12.00
# Visual Studio 2013
VisualStudioVersion = 12.0.21005.1
MinimumVisualStudioVersion = 10.0.40219.1
Project("{FAE04EC0-301F-11D3-BF4B-00C04F79EFBC}") = "listbox", "listbox\listbox.csproj", "{AFE057BA-BA95-4DF8-9B10-2E50AB5753FB}"
EndProject
Global
	GlobalSection(SolutionConfigurationPlatforms) = preSolution
		Debug|Any CPU = Debug|Any CPU
		Release|Any CPU = Release|Any CPU
	EndGlobalSection
	GlobalSection(ProjectConfigurationPlatforms) = postSolution
		{AFE057BA-BA95-4DF8-9B10-2E50AB5753FB}.Debug|Any CPU.ActiveCfg = Debug|Any CPU
		{AFE057BA-BA95-4DF8-9B10-2E50AB5753FB}.Debug|Any CPU.Build.0 = Debug|Any CPU
		{AFE057BA-BA95-4DF8-9B10-2E50AB5753FB}.Release|Any CPU.ActiveCfg = Release|Any CPU
		{AFE057BA-BA95-4DF8-9B10-2E50AB5753FB}.Release|Any CPU.Build.0 = Release|Any CPU
	EndGlobalSection
	GlobalSection(SolutionProperties) = preSolution
		HideSolutionNode = FALSE
	EndGlobalSection
EndGlobal
